
Microsoft Visual Studio Solution File, Format Version 12.00
# Visual Studio 15
VisualStudioVersion = 15.0.28307.1169
MinimumVisualStudioVersion = 10.0.40219.1
Project("{FAE04EC0-301F-11D3-BF4B-00C04F79EFBC}") = "WebApi", "WebApi\WebApi.csproj", "{0A395793-93F5-4DFE-82A1-016AD68D3C8E}"
EndProject
Global
	GlobalSection(SolutionConfigurationPlatforms) = preSolution
		Debug|Any CPU = Debug|Any CPU
		Release|Any CPU = Release|Any CPU
	EndGlobalSection
	GlobalSection(ProjectConfigurationPlatforms) = postSolution
		{0A395793-93F5-4DFE-82A1-016AD68D3C8E}.Debug|Any CPU.ActiveCfg = Debug|Any CPU
		{0A395793-93F5-4DFE-82A1-016AD68D3C8E}.Debug|Any CPU.Build.0 = Debug|Any CPU
		{0A395793-93F5-4DFE-82A1-016AD68D3C8E}.Release|Any CPU.ActiveCfg = Release|Any CPU
		{0A395793-93F5-4DFE-82A1-016AD68D3C8E}.Release|Any CPU.Build.0 = Release|Any CPU
	EndGlobalSection
	GlobalSection(SolutionProperties) = preSolution
		HideSolutionNode = FALSE
	EndGlobalSection
	GlobalSection(ExtensibilityGlobals) = postSolution
		SolutionGuid = {4AB12B17-A43E-4AEB-B5DB-6F45FBC3407C}
	EndGlobalSection
EndGlobal
